
Microsoft Visual Studio Solution File, Format Version 12.00
# Visual Studio Version 16
VisualStudioVersion = 16.0.31112.23
MinimumVisualStudioVersion = 10.0.40219.1
Project("{9A19103F-16F7-4668-BE54-9A1E7A4F7556}") = "WpfTourPlanner", "WpfTourPlanner\WpfTourPlanner.csproj", "{7DF23D80-0352-4394-897C-1C87D8126802}"
EndProject
Project("{9A19103F-16F7-4668-BE54-9A1E7A4F7556}") = "WpfTourPlanner.Models", "WpfTourPlanner.Models\WpfTourPlanner.Models.csproj", "{FF089A1C-41FC-417C-8103-450445CA09C9}"
EndProject
Project("{9A19103F-16F7-4668-BE54-9A1E7A4F7556}") = "WpfTourPlanner.BusinessLayer", "WpfTourPlanner.BusinessLayer\WpfTourPlanner.BusinessLayer.csproj", "{6666FA36-27DC-49BB-9483-23323ACC1C43}"
EndProject
Project("{9A19103F-16F7-4668-BE54-9A1E7A4F7556}") = "WpfTourPlanner.DataAccessLayer", "WpfTourPlanner.DataAccessLayer\WpfTourPlanner.DataAccessLayer.csproj", "{0BCA9B3B-B083-4E78-AB53-CE85896727D8}"
EndProject
Project("{9A19103F-16F7-4668-BE54-9A1E7A4F7556}") = "WpfTourPlanner.DataAccessLayer.PostgressSqlServer", "WpfTourPlanner.DataAccessLayer.PostgressSqlServer\WpfTourPlanner.DataAccessLayer.PostgressSqlServer.csproj", "{7299DAB9-7508-4346-B9BB-ADE9771114ED}"
EndProject
Project("{9A19103F-16F7-4668-BE54-9A1E7A4F7556}") = "WpfTourPlanner.Test", "WpfTourPlanner.Test\WpfTourPlanner.Test.csproj", "{EFEEB2CC-29C0-4DE4-A5D5-9781F6EA87FC}"
EndProject
Project("{9A19103F-16F7-4668-BE54-9A1E7A4F7556}") = "WpfTourPlanner.ConfigurationManager", "WpfTourPlanner.ConfigurationManager\WpfTourPlanner.ConfigurationManager.csproj", "{651544CB-A47E-4B5C-851A-D70D4B762561}"
EndProject
Project("{C7167F0D-BC9F-4E6E-AFE1-012C56B48DB5}") = "WpfTourPlanner.Package", "WpfTourPlanner.Package\WpfTourPlanner.Package.wapproj", "{B71ECAC7-7958-44BC-B287-20293FD6DE61}"
EndProject
Global
	GlobalSection(SolutionConfigurationPlatforms) = preSolution
		Debug|Any CPU = Debug|Any CPU
		Debug|ARM = Debug|ARM
		Debug|ARM64 = Debug|ARM64
		Debug|x64 = Debug|x64
		Debug|x86 = Debug|x86
		Release|Any CPU = Release|Any CPU
		Release|ARM = Release|ARM
		Release|ARM64 = Release|ARM64
		Release|x64 = Release|x64
		Release|x86 = Release|x86
	EndGlobalSection
	GlobalSection(ProjectConfigurationPlatforms) = postSolution
		{7DF23D80-0352-4394-897C-1C87D8126802}.Debug|Any CPU.ActiveCfg = Debug|x86
		{7DF23D80-0352-4394-897C-1C87D8126802}.Debug|Any CPU.Build.0 = Debug|x86
		{7DF23D80-0352-4394-897C-1C87D8126802}.Debug|ARM.ActiveCfg = Debug|Any CPU
		{7DF23D80-0352-4394-897C-1C87D8126802}.Debug|ARM.Build.0 = Debug|Any CPU
		{7DF23D80-0352-4394-897C-1C87D8126802}.Debug|ARM64.ActiveCfg = Debug|Any CPU
		{7DF23D80-0352-4394-897C-1C87D8126802}.Debug|ARM64.Build.0 = Debug|Any CPU
		{7DF23D80-0352-4394-897C-1C87D8126802}.Debug|x64.ActiveCfg = Debug|Any CPU
		{7DF23D80-0352-4394-897C-1C87D8126802}.Debug|x64.Build.0 = Debug|Any CPU
		{7DF23D80-0352-4394-897C-1C87D8126802}.Debug|x86.ActiveCfg = Debug|Any CPU
		{7DF23D80-0352-4394-897C-1C87D8126802}.Debug|x86.Build.0 = Debug|Any CPU
		{7DF23D80-0352-4394-897C-1C87D8126802}.Release|Any CPU.ActiveCfg = Release|x86
		{7DF23D80-0352-4394-897C-1C87D8126802}.Release|Any CPU.Build.0 = Release|x86
		{7DF23D80-0352-4394-897C-1C87D8126802}.Release|ARM.ActiveCfg = Release|Any CPU
		{7DF23D80-0352-4394-897C-1C87D8126802}.Release|ARM.Build.0 = Release|Any CPU
		{7DF23D80-0352-4394-897C-1C87D8126802}.Release|ARM64.ActiveCfg = Release|Any CPU
		{7DF23D80-0352-4394-897C-1C87D8126802}.Release|ARM64.Build.0 = Release|Any CPU
		{7DF23D80-0352-4394-897C-1C87D8126802}.Release|x64.ActiveCfg = Release|x64
		{7DF23D80-0352-4394-897C-1C87D8126802}.Release|x64.Build.0 = Release|x64
		{7DF23D80-0352-4394-897C-1C87D8126802}.Release|x86.ActiveCfg = Release|x86
		{7DF23D80-0352-4394-897C-1C87D8126802}.Release|x86.Build.0 = Release|x86
		{FF089A1C-41FC-417C-8103-450445CA09C9}.Debug|Any CPU.ActiveCfg = Debug|x86
		{FF089A1C-41FC-417C-8103-450445CA09C9}.Debug|Any CPU.Build.0 = Debug|x86
		{FF089A1C-41FC-417C-8103-450445CA09C9}.Debug|ARM.ActiveCfg = Debug|Any CPU
		{FF089A1C-41FC-417C-8103-450445CA09C9}.Debug|ARM.Build.0 = Debug|Any CPU
		{FF089A1C-41FC-417C-8103-450445CA09C9}.Debug|ARM64.ActiveCfg = Debug|Any CPU
		{FF089A1C-41FC-417C-8103-450445CA09C9}.Debug|ARM64.Build.0 = Debug|Any CPU
		{FF089A1C-41FC-417C-8103-450445CA09C9}.Debug|x64.ActiveCfg = Debug|Any CPU
		{FF089A1C-41FC-417C-8103-450445CA09C9}.Debug|x64.Build.0 = Debug|Any CPU
		{FF089A1C-41FC-417C-8103-450445CA09C9}.Debug|x86.ActiveCfg = Debug|Any CPU
		{FF089A1C-41FC-417C-8103-450445CA09C9}.Debug|x86.Build.0 = Debug|Any CPU
		{FF089A1C-41FC-417C-8103-450445CA09C9}.Release|Any CPU.ActiveCfg = Release|x86
		{FF089A1C-41FC-417C-8103-450445CA09C9}.Release|Any CPU.Build.0 = Release|x86
		{FF089A1C-41FC-417C-8103-450445CA09C9}.Release|ARM.ActiveCfg = Release|Any CPU
		{FF089A1C-41FC-417C-8103-450445CA09C9}.Release|ARM.Build.0 = Release|Any CPU
		{FF089A1C-41FC-417C-8103-450445CA09C9}.Release|ARM64.ActiveCfg = Release|Any CPU
		{FF089A1C-41FC-417C-8103-450445CA09C9}.Release|ARM64.Build.0 = Release|Any CPU
		{FF089A1C-41FC-417C-8103-450445CA09C9}.Release|x64.ActiveCfg = Release|x64
		{FF089A1C-41FC-417C-8103-450445CA09C9}.Release|x64.Build.0 = Release|x64
		{FF089A1C-41FC-417C-8103-450445CA09C9}.Release|x86.ActiveCfg = Release|x86
		{FF089A1C-41FC-417C-8103-450445CA09C9}.Release|x86.Build.0 = Release|x86
		{6666FA36-27DC-49BB-9483-23323ACC1C43}.Debug|Any CPU.ActiveCfg = Debug|x86
		{6666FA36-27DC-49BB-9483-23323ACC1C43}.Debug|Any CPU.Build.0 = Debug|x86
		{6666FA36-27DC-49BB-9483-23323ACC1C43}.Debug|ARM.ActiveCfg = Debug|Any CPU
		{6666FA36-27DC-49BB-9483-23323ACC1C43}.Debug|ARM.Build.0 = Debug|Any CPU
		{6666FA36-27DC-49BB-9483-23323ACC1C43}.Debug|ARM64.ActiveCfg = Debug|Any CPU
		{6666FA36-27DC-49BB-9483-23323ACC1C43}.Debug|ARM64.Build.0 = Debug|Any CPU
		{6666FA36-27DC-49BB-9483-23323ACC1C43}.Debug|x64.ActiveCfg = Debug|Any CPU
		{6666FA36-27DC-49BB-9483-23323ACC1C43}.Debug|x64.Build.0 = Debug|Any CPU
		{6666FA36-27DC-49BB-9483-23323ACC1C43}.Debug|x86.ActiveCfg = Debug|Any CPU
		{6666FA36-27DC-49BB-9483-23323ACC1C43}.Debug|x86.Build.0 = Debug|Any CPU
		{6666FA36-27DC-49BB-9483-23323ACC1C43}.Release|Any CPU.ActiveCfg = Release|x86
		{6666FA36-27DC-49BB-9483-23323ACC1C43}.Release|Any CPU.Build.0 = Release|x86
		{6666FA36-27DC-49BB-9483-23323ACC1C43}.Release|ARM.ActiveCfg = Release|Any CPU
		{6666FA36-27DC-49BB-9483-23323ACC1C43}.Release|ARM.Build.0 = Release|Any CPU
		{6666FA36-27DC-49BB-9483-23323ACC1C43}.Release|ARM64.ActiveCfg = Release|Any CPU
		{6666FA36-27DC-49BB-9483-23323ACC1C43}.Release|ARM64.Build.0 = Release|Any CPU
		{6666FA36-27DC-49BB-9483-23323ACC1C43}.Release|x64.ActiveCfg = Release|x64
		{6666FA36-27DC-49BB-9483-23323ACC1C43}.Release|x64.Build.0 = Release|x64
		{6666FA36-27DC-49BB-9483-23323ACC1C43}.Release|x86.ActiveCfg = Release|x86
		{6666FA36-27DC-49BB-9483-23323ACC1C43}.Release|x86.Build.0 = Release|x86
		{0BCA9B3B-B083-4E78-AB53-CE85896727D8}.Debug|Any CPU.ActiveCfg = Debug|x86
		{0BCA9B3B-B083-4E78-AB53-CE85896727D8}.Debug|Any CPU.Build.0 = Debug|x86
		{0BCA9B3B-B083-4E78-AB53-CE85896727D8}.Debug|ARM.ActiveCfg = Debug|Any CPU
		{0BCA9B3B-B083-4E78-AB53-CE85896727D8}.Debug|ARM.Build.0 = Debug|Any CPU
		{0BCA9B3B-B083-4E78-AB53-CE85896727D8}.Debug|ARM64.ActiveCfg = Debug|Any CPU
		{0BCA9B3B-B083-4E78-AB53-CE85896727D8}.Debug|ARM64.Build.0 = Debug|Any CPU
		{0BCA9B3B-B083-4E78-AB53-CE85896727D8}.Debug|x64.ActiveCfg = Debug|Any CPU
		{0BCA9B3B-B083-4E78-AB53-CE85896727D8}.Debug|x64.Build.0 = Debug|Any CPU
		{0BCA9B3B-B083-4E78-AB53-CE85896727D8}.Debug|x86.ActiveCfg = Debug|Any CPU
		{0BCA9B3B-B083-4E78-AB53-CE85896727D8}.Debug|x86.Build.0 = Debug|Any CPU
		{0BCA9B3B-B083-4E78-AB53-CE85896727D8}.Release|Any CPU.ActiveCfg = Release|x86
		{0BCA9B3B-B083-4E78-AB53-CE85896727D8}.Release|Any CPU.Build.0 = Release|x86
		{0BCA9B3B-B083-4E78-AB53-CE85896727D8}.Release|ARM.ActiveCfg = Release|Any CPU
		{0BCA9B3B-B083-4E78-AB53-CE85896727D8}.Release|ARM.Build.0 = Release|Any CPU
		{0BCA9B3B-B083-4E78-AB53-CE85896727D8}.Release|ARM64.ActiveCfg = Release|Any CPU
		{0BCA9B3B-B083-4E78-AB53-CE85896727D8}.Release|ARM64.Build.0 = Release|Any CPU
		{0BCA9B3B-B083-4E78-AB53-CE85896727D8}.Release|x64.ActiveCfg = Release|x64
		{0BCA9B3B-B083-4E78-AB53-CE85896727D8}.Release|x64.Build.0 = Release|x64
		{0BCA9B3B-B083-4E78-AB53-CE85896727D8}.Release|x86.ActiveCfg = Release|x86
		{0BCA9B3B-B083-4E78-AB53-CE85896727D8}.Release|x86.Build.0 = Release|x86
		{7299DAB9-7508-4346-B9BB-ADE9771114ED}.Debug|Any CPU.ActiveCfg = Debug|x86
		{7299DAB9-7508-4346-B9BB-ADE9771114ED}.Debug|Any CPU.Build.0 = Debug|x86
		{7299DAB9-7508-4346-B9BB-ADE9771114ED}.Debug|ARM.ActiveCfg = Debug|Any CPU
		{7299DAB9-7508-4346-B9BB-ADE9771114ED}.Debug|ARM.Build.0 = Debug|Any CPU
		{7299DAB9-7508-4346-B9BB-ADE9771114ED}.Debug|ARM64.ActiveCfg = Debug|Any CPU
		{7299DAB9-7508-4346-B9BB-ADE9771114ED}.Debug|ARM64.Build.0 = Debug|Any CPU
		{7299DAB9-7508-4346-B9BB-ADE9771114ED}.Debug|x64.ActiveCfg = Debug|Any CPU
		{7299DAB9-7508-4346-B9BB-ADE9771114ED}.Debug|x64.Build.0 = Debug|Any CPU
		{7299DAB9-7508-4346-B9BB-ADE9771114ED}.Debug|x86.ActiveCfg = Debug|Any CPU
		{7299DAB9-7508-4346-B9BB-ADE9771114ED}.Debug|x86.Build.0 = Debug|Any CPU
		{7299DAB9-7508-4346-B9BB-ADE9771114ED}.Release|Any CPU.ActiveCfg = Release|x86
		{7299DAB9-7508-4346-B9BB-ADE9771114ED}.Release|Any CPU.Build.0 = Release|x86
		{7299DAB9-7508-4346-B9BB-ADE9771114ED}.Release|ARM.ActiveCfg = Release|Any CPU
		{7299DAB9-7508-4346-B9BB-ADE9771114ED}.Release|ARM.Build.0 = Release|Any CPU
		{7299DAB9-7508-4346-B9BB-ADE9771114ED}.Release|ARM64.ActiveCfg = Release|Any CPU
		{7299DAB9-7508-4346-B9BB-ADE9771114ED}.Release|ARM64.Build.0 = Release|Any CPU
		{7299DAB9-7508-4346-B9BB-ADE9771114ED}.Release|x64.ActiveCfg = Release|x64
		{7299DAB9-7508-4346-B9BB-ADE9771114ED}.Release|x64.Build.0 = Release|x64
		{7299DAB9-7508-4346-B9BB-ADE9771114ED}.Release|x86.ActiveCfg = Release|x86
		{7299DAB9-7508-4346-B9BB-ADE9771114ED}.Release|x86.Build.0 = Release|x86
		{EFEEB2CC-29C0-4DE4-A5D5-9781F6EA87FC}.Debug|Any CPU.ActiveCfg = Debug|x86
		{EFEEB2CC-29C0-4DE4-A5D5-9781F6EA87FC}.Debug|Any CPU.Build.0 = Debug|x86
		{EFEEB2CC-29C0-4DE4-A5D5-9781F6EA87FC}.Debug|ARM.ActiveCfg = Debug|Any CPU
		{EFEEB2CC-29C0-4DE4-A5D5-9781F6EA87FC}.Debug|ARM.Build.0 = Debug|Any CPU
		{EFEEB2CC-29C0-4DE4-A5D5-9781F6EA87FC}.Debug|ARM64.ActiveCfg = Debug|Any CPU
		{EFEEB2CC-29C0-4DE4-A5D5-9781F6EA87FC}.Debug|ARM64.Build.0 = Debug|Any CPU
		{EFEEB2CC-29C0-4DE4-A5D5-9781F6EA87FC}.Debug|x64.ActiveCfg = Debug|Any CPU
		{EFEEB2CC-29C0-4DE4-A5D5-9781F6EA87FC}.Debug|x64.Build.0 = Debug|Any CPU
		{EFEEB2CC-29C0-4DE4-A5D5-9781F6EA87FC}.Debug|x86.ActiveCfg = Debug|Any CPU
		{EFEEB2CC-29C0-4DE4-A5D5-9781F6EA87FC}.Debug|x86.Build.0 = Debug|Any CPU
		{EFEEB2CC-29C0-4DE4-A5D5-9781F6EA87FC}.Release|Any CPU.ActiveCfg = Release|x86
		{EFEEB2CC-29C0-4DE4-A5D5-9781F6EA87FC}.Release|Any CPU.Build.0 = Release|x86
		{EFEEB2CC-29C0-4DE4-A5D5-9781F6EA87FC}.Release|ARM.ActiveCfg = Release|Any CPU
		{EFEEB2CC-29C0-4DE4-A5D5-9781F6EA87FC}.Release|ARM.Build.0 = Release|Any CPU
		{EFEEB2CC-29C0-4DE4-A5D5-9781F6EA87FC}.Release|ARM64.ActiveCfg = Release|Any CPU
		{EFEEB2CC-29C0-4DE4-A5D5-9781F6EA87FC}.Release|ARM64.Build.0 = Release|Any CPU
		{EFEEB2CC-29C0-4DE4-A5D5-9781F6EA87FC}.Release|x64.ActiveCfg = Release|x64
		{EFEEB2CC-29C0-4DE4-A5D5-9781F6EA87FC}.Release|x64.Build.0 = Release|x64
		{EFEEB2CC-29C0-4DE4-A5D5-9781F6EA87FC}.Release|x86.ActiveCfg = Release|x86
		{EFEEB2CC-29C0-4DE4-A5D5-9781F6EA87FC}.Release|x86.Build.0 = Release|x86
		{651544CB-A47E-4B5C-851A-D70D4B762561}.Debug|Any CPU.ActiveCfg = Debug|x86
		{651544CB-A47E-4B5C-851A-D70D4B762561}.Debug|Any CPU.Build.0 = Debug|x86
		{651544CB-A47E-4B5C-851A-D70D4B762561}.Debug|ARM.ActiveCfg = Debug|Any CPU
		{651544CB-A47E-4B5C-851A-D70D4B762561}.Debug|ARM.Build.0 = Debug|Any CPU
		{651544CB-A47E-4B5C-851A-D70D4B762561}.Debug|ARM64.ActiveCfg = Debug|Any CPU
		{651544CB-A47E-4B5C-851A-D70D4B762561}.Debug|ARM64.Build.0 = Debug|Any CPU
		{651544CB-A47E-4B5C-851A-D70D4B762561}.Debug|x64.ActiveCfg = Debug|Any CPU
		{651544CB-A47E-4B5C-851A-D70D4B762561}.Debug|x64.Build.0 = Debug|Any CPU
		{651544CB-A47E-4B5C-851A-D70D4B762561}.Debug|x86.ActiveCfg = Debug|Any CPU
		{651544CB-A47E-4B5C-851A-D70D4B762561}.Debug|x86.Build.0 = Debug|Any CPU
		{651544CB-A47E-4B5C-851A-D70D4B762561}.Release|Any CPU.ActiveCfg = Release|x86
		{651544CB-A47E-4B5C-851A-D70D4B762561}.Release|Any CPU.Build.0 = Release|x86
		{651544CB-A47E-4B5C-851A-D70D4B762561}.Release|ARM.ActiveCfg = Release|Any CPU
		{651544CB-A47E-4B5C-851A-D70D4B762561}.Release|ARM.Build.0 = Release|Any CPU
		{651544CB-A47E-4B5C-851A-D70D4B762561}.Release|ARM64.ActiveCfg = Release|Any CPU
		{651544CB-A47E-4B5C-851A-D70D4B762561}.Release|ARM64.Build.0 = Release|Any CPU
		{651544CB-A47E-4B5C-851A-D70D4B762561}.Release|x64.ActiveCfg = Release|x64
		{651544CB-A47E-4B5C-851A-D70D4B762561}.Release|x64.Build.0 = Release|x64
		{651544CB-A47E-4B5C-851A-D70D4B762561}.Release|x86.ActiveCfg = Release|x86
		{651544CB-A47E-4B5C-851A-D70D4B762561}.Release|x86.Build.0 = Release|x86
		{B71ECAC7-7958-44BC-B287-20293FD6DE61}.Debug|Any CPU.ActiveCfg = Debug|x86
		{B71ECAC7-7958-44BC-B287-20293FD6DE61}.Debug|Any CPU.Build.0 = Debug|x86
		{B71ECAC7-7958-44BC-B287-20293FD6DE61}.Debug|Any CPU.Deploy.0 = Debug|x86
		{B71ECAC7-7958-44BC-B287-20293FD6DE61}.Debug|ARM.ActiveCfg = Debug|ARM
		{B71ECAC7-7958-44BC-B287-20293FD6DE61}.Debug|ARM.Build.0 = Debug|ARM
		{B71ECAC7-7958-44BC-B287-20293FD6DE61}.Debug|ARM.Deploy.0 = Debug|ARM
		{B71ECAC7-7958-44BC-B287-20293FD6DE61}.Debug|ARM64.ActiveCfg = Debug|ARM64
		{B71ECAC7-7958-44BC-B287-20293FD6DE61}.Debug|ARM64.Build.0 = Debug|ARM64
		{B71ECAC7-7958-44BC-B287-20293FD6DE61}.Debug|ARM64.Deploy.0 = Debug|ARM64
		{B71ECAC7-7958-44BC-B287-20293FD6DE61}.Debug|x64.ActiveCfg = Debug|x64
		{B71ECAC7-7958-44BC-B287-20293FD6DE61}.Debug|x64.Build.0 = Debug|x64
		{B71ECAC7-7958-44BC-B287-20293FD6DE61}.Debug|x64.Deploy.0 = Debug|x64
		{B71ECAC7-7958-44BC-B287-20293FD6DE61}.Debug|x86.ActiveCfg = Debug|x86
		{B71ECAC7-7958-44BC-B287-20293FD6DE61}.Debug|x86.Build.0 = Debug|x86
		{B71ECAC7-7958-44BC-B287-20293FD6DE61}.Debug|x86.Deploy.0 = Debug|x86
		{B71ECAC7-7958-44BC-B287-20293FD6DE61}.Release|Any CPU.ActiveCfg = Release|x86
		{B71ECAC7-7958-44BC-B287-20293FD6DE61}.Release|Any CPU.Build.0 = Release|x86
		{B71ECAC7-7958-44BC-B287-20293FD6DE61}.Release|Any CPU.Deploy.0 = Release|x86
		{B71ECAC7-7958-44BC-B287-20293FD6DE61}.Release|ARM.ActiveCfg = Release|ARM
		{B71ECAC7-7958-44BC-B287-20293FD6DE61}.Release|ARM.Build.0 = Release|ARM
		{B71ECAC7-7958-44BC-B287-20293FD6DE61}.Release|ARM.Deploy.0 = Release|ARM
		{B71ECAC7-7958-44BC-B287-20293FD6DE61}.Release|ARM64.ActiveCfg = Release|ARM64
		{B71ECAC7-7958-44BC-B287-20293FD6DE61}.Release|ARM64.Build.0 = Release|ARM64
		{B71ECAC7-7958-44BC-B287-20293FD6DE61}.Release|ARM64.Deploy.0 = Release|ARM64
		{B71ECAC7-7958-44BC-B287-20293FD6DE61}.Release|x64.ActiveCfg = Release|x64
		{B71ECAC7-7958-44BC-B287-20293FD6DE61}.Release|x64.Build.0 = Release|x64
		{B71ECAC7-7958-44BC-B287-20293FD6DE61}.Release|x64.Deploy.0 = Release|x64
		{B71ECAC7-7958-44BC-B287-20293FD6DE61}.Release|x86.ActiveCfg = Release|x86
		{B71ECAC7-7958-44BC-B287-20293FD6DE61}.Release|x86.Build.0 = Release|x86
		{B71ECAC7-7958-44BC-B287-20293FD6DE61}.Release|x86.Deploy.0 = Release|x86
	EndGlobalSection
	GlobalSection(SolutionProperties) = preSolution
		HideSolutionNode = FALSE
	EndGlobalSection
	GlobalSection(ExtensibilityGlobals) = postSolution
		SolutionGuid = {015762E7-3BFF-4DA2-A548-F21F59BB4967}
	EndGlobalSection
EndGlobal
